
Microsoft Visual Studio Solution File, Format Version 12.00
# Visual Studio Version 17
VisualStudioVersion = 17.0.31903.59
MinimumVisualStudioVersion = 10.0.40219.1
Project("{2150E333-8FDC-42A3-9474-1A3956D46DE8}") = "server", "server", "{9F686C4D-209C-409E-A9C2-D2500A7539DC}"
EndProject
Project("{FAE04EC0-301F-11D3-BF4B-00C04F79EFBC}") = "api", "server\api\api.csproj", "{0EDC9BFE-84FB-4D75-9321-53BB08B3A3DE}"
EndProject
Project("{FAE04EC0-301F-11D3-BF4B-00C04F79EFBC}") = "service", "server\service\service.csproj", "{51101EC7-A352-489E-8C5F-14CEAA9E70E9}"
EndProject
Global
	GlobalSection(SolutionConfigurationPlatforms) = preSolution
		Debug|Any CPU = Debug|Any CPU
		Release|Any CPU = Release|Any CPU
	EndGlobalSection
	GlobalSection(SolutionProperties) = preSolution
		HideSolutionNode = FALSE
	EndGlobalSection
	GlobalSection(ProjectConfigurationPlatforms) = postSolution
		{0EDC9BFE-84FB-4D75-9321-53BB08B3A3DE}.Debug|Any CPU.ActiveCfg = Debug|Any CPU
		{0EDC9BFE-84FB-4D75-9321-53BB08B3A3DE}.Debug|Any CPU.Build.0 = Debug|Any CPU
		{0EDC9BFE-84FB-4D75-9321-53BB08B3A3DE}.Release|Any CPU.ActiveCfg = Release|Any CPU
		{0EDC9BFE-84FB-4D75-9321-53BB08B3A3DE}.Release|Any CPU.Build.0 = Release|Any CPU
		{51101EC7-A352-489E-8C5F-14CEAA9E70E9}.Debug|Any CPU.ActiveCfg = Debug|Any CPU
		{51101EC7-A352-489E-8C5F-14CEAA9E70E9}.Debug|Any CPU.Build.0 = Debug|Any CPU
		{51101EC7-A352-489E-8C5F-14CEAA9E70E9}.Release|Any CPU.ActiveCfg = Release|Any CPU
		{51101EC7-A352-489E-8C5F-14CEAA9E70E9}.Release|Any CPU.Build.0 = Release|Any CPU
	EndGlobalSection
	GlobalSection(NestedProjects) = preSolution
		{0EDC9BFE-84FB-4D75-9321-53BB08B3A3DE} = {9F686C4D-209C-409E-A9C2-D2500A7539DC}
		{51101EC7-A352-489E-8C5F-14CEAA9E70E9} = {9F686C4D-209C-409E-A9C2-D2500A7539DC}
	EndGlobalSection
EndGlobal
